
Microsoft Visual Studio Solution File, Format Version 12.00
# Visual Studio Version 16
VisualStudioVersion = 16.0.29806.167
MinimumVisualStudioVersion = 10.0.40219.1
Project("{9A19103F-16F7-4668-BE54-9A1E7A4F7556}") = "FilePickerSample", "FilePickerSample\FilePickerSample.csproj", "{BB3175A3-14C9-4C61-8C0A-EFF38757377F}"
EndProject
Global
	GlobalSection(SolutionConfigurationPlatforms) = preSolution
		Debug|Any CPU = Debug|Any CPU
		Release|Any CPU = Release|Any CPU
	EndGlobalSection
	GlobalSection(ProjectConfigurationPlatforms) = postSolution
		{BB3175A3-14C9-4C61-8C0A-EFF38757377F}.Debug|Any CPU.ActiveCfg = Debug|Any CPU
		{BB3175A3-14C9-4C61-8C0A-EFF38757377F}.Debug|Any CPU.Build.0 = Debug|Any CPU
		{BB3175A3-14C9-4C61-8C0A-EFF38757377F}.Release|Any CPU.ActiveCfg = Release|Any CPU
		{BB3175A3-14C9-4C61-8C0A-EFF38757377F}.Release|Any CPU.Build.0 = Release|Any CPU
	EndGlobalSection
	GlobalSection(SolutionProperties) = preSolution
		HideSolutionNode = FALSE
	EndGlobalSection
	GlobalSection(ExtensibilityGlobals) = postSolution
		SolutionGuid = {7656655C-74AF-435C-B7FA-E62569ADD318}
	EndGlobalSection
EndGlobal
